
Microsoft Visual Studio Solution File, Format Version 12.00
# Visual Studio Version 17
VisualStudioVersion = 17.11.35219.272
MinimumVisualStudioVersion = 10.0.40219.1
Project("{FAE04EC0-301F-11D3-BF4B-00C04F79EFBC}") = "Laboratorio 12", "Laboratorio 12\Laboratorio 12.csproj", "{AB62A27C-28AA-47A0-82D0-F3C19037A65D}"
EndProject
Global
	GlobalSection(SolutionConfigurationPlatforms) = preSolution
		Debug|Any CPU = Debug|Any CPU
		Release|Any CPU = Release|Any CPU
	EndGlobalSection
	GlobalSection(ProjectConfigurationPlatforms) = postSolution
		{AB62A27C-28AA-47A0-82D0-F3C19037A65D}.Debug|Any CPU.ActiveCfg = Debug|Any CPU
		{AB62A27C-28AA-47A0-82D0-F3C19037A65D}.Debug|Any CPU.Build.0 = Debug|Any CPU
		{AB62A27C-28AA-47A0-82D0-F3C19037A65D}.Release|Any CPU.ActiveCfg = Release|Any CPU
		{AB62A27C-28AA-47A0-82D0-F3C19037A65D}.Release|Any CPU.Build.0 = Release|Any CPU
	EndGlobalSection
	GlobalSection(SolutionProperties) = preSolution
		HideSolutionNode = FALSE
	EndGlobalSection
	GlobalSection(ExtensibilityGlobals) = postSolution
		SolutionGuid = {EFA2CCEC-EB2D-4726-B4A9-FBAF640E5951}
	EndGlobalSection
EndGlobal
