
Microsoft Visual Studio Solution File, Format Version 12.00
# Visual Studio Version 17
VisualStudioVersion = 17.11.35219.272
MinimumVisualStudioVersion = 10.0.40219.1
Project("{FAE04EC0-301F-11D3-BF4B-00C04F79EFBC}") = "Laboratorio 12-2", "Laboratorio 12-2\Laboratorio 12-2.csproj", "{08F797FA-C7D1-4858-92CC-9BB01EECF17C}"
EndProject
Global
	GlobalSection(SolutionConfigurationPlatforms) = preSolution
		Debug|Any CPU = Debug|Any CPU
		Release|Any CPU = Release|Any CPU
	EndGlobalSection
	GlobalSection(ProjectConfigurationPlatforms) = postSolution
		{08F797FA-C7D1-4858-92CC-9BB01EECF17C}.Debug|Any CPU.ActiveCfg = Debug|Any CPU
		{08F797FA-C7D1-4858-92CC-9BB01EECF17C}.Debug|Any CPU.Build.0 = Debug|Any CPU
		{08F797FA-C7D1-4858-92CC-9BB01EECF17C}.Release|Any CPU.ActiveCfg = Release|Any CPU
		{08F797FA-C7D1-4858-92CC-9BB01EECF17C}.Release|Any CPU.Build.0 = Release|Any CPU
	EndGlobalSection
	GlobalSection(SolutionProperties) = preSolution
		HideSolutionNode = FALSE
	EndGlobalSection
	GlobalSection(ExtensibilityGlobals) = postSolution
		SolutionGuid = {F72EDA8F-37B2-4A47-B9A2-C0C9FD59BF73}
	EndGlobalSection
EndGlobal
